
Microsoft Visual Studio Solution File, Format Version 12.00
# Visual Studio Version 17
VisualStudioVersion = 17.1.32319.34
MinimumVisualStudioVersion = 10.0.40219.1
Project("{2150E333-8FDC-42A3-9474-1A3956D46DE8}") = "1. Enterprise Business Rules", "1. Enterprise Business Rules", "{35EC4DED-4D85-482D-BE60-CB1F81BC81B4}"
EndProject
Project("{2150E333-8FDC-42A3-9474-1A3956D46DE8}") = "2. Application Business Rules", "2. Application Business Rules", "{A7D767AD-D837-4897-88F0-BC9ECE63F8A5}"
EndProject
Project("{2150E333-8FDC-42A3-9474-1A3956D46DE8}") = "3. Interface Adapters", "3. Interface Adapters", "{EB45B8BF-74BC-41EC-BA87-1F04B491D711}"
EndProject
Project("{2150E333-8FDC-42A3-9474-1A3956D46DE8}") = "4. Frameworks And Drivers", "4. Frameworks And Drivers", "{6E755C59-F90C-4764-9D31-DF5B1A6F6919}"
EndProject
Project("{9A19103F-16F7-4668-BE54-9A1E7A4F7556}") = "Ossmmasoft.Entities", "Ossmmasoft.Entities\Ossmmasoft.Entities.csproj", "{01088C08-EF51-4DDC-B41C-475F3B3E750C}"
EndProject
Project("{2150E333-8FDC-42A3-9474-1A3956D46DE8}") = "Gateways", "Gateways", "{86AF76E8-F497-463C-9A99-E454B428E2FC}"
EndProject
Project("{9A19103F-16F7-4668-BE54-9A1E7A4F7556}") = "Ossmmasoft.RepositoryEFCore", "Ossmmasoft.RepositoryEFCore\Ossmmasoft.RepositoryEFCore.csproj", "{E5A743B9-8E26-49AA-A917-048FF8F04CC2}"
EndProject
Project("{9A19103F-16F7-4668-BE54-9A1E7A4F7556}") = "Ossmmasoft.DTOs", "Ossmmasoft.DTOs\Ossmmasoft.DTOs.csproj", "{C7A82EBD-35C6-43B1-B340-F2564115C03C}"
EndProject
Project("{9A19103F-16F7-4668-BE54-9A1E7A4F7556}") = "Ossmmasoft.UseCasesPorts", "Ossmmasoft.UseCasesPorts\Ossmmasoft.UseCasesPorts.csproj", "{62520FD7-3A52-4F81-9FD4-46EE2F59213F}"
EndProject
Project("{9A19103F-16F7-4668-BE54-9A1E7A4F7556}") = "Ossmmasoft.UseCases", "Ossmmasoft.UseCases\Ossmmasoft.UseCases.csproj", "{59F6AD12-3F58-4B12-A2E2-18E4C4690BA1}"
EndProject
Project("{2150E333-8FDC-42A3-9474-1A3956D46DE8}") = "Presenters", "Presenters", "{206EA754-A48D-483E-993A-55DEDE86F896}"
EndProject
Project("{9A19103F-16F7-4668-BE54-9A1E7A4F7556}") = "Ossmmasoft.Presenter", "Ossmmasoft.Presentes\Ossmmasoft.Presenter.csproj", "{B76FA2D1-7014-49D6-9652-7AC4190DA317}"
EndProject
Project("{2150E333-8FDC-42A3-9474-1A3956D46DE8}") = "Controllers", "Controllers", "{95EA10B4-641C-4072-AC5D-A8A3447707BB}"
EndProject
Project("{9A19103F-16F7-4668-BE54-9A1E7A4F7556}") = "Ossmmasoft.Controllers", "Ossmmasoft.Controllers\Ossmmasoft.Controllers.csproj", "{777A7FD1-EB9E-4624-BB09-6083F6E1363A}"
EndProject
Project("{9A19103F-16F7-4668-BE54-9A1E7A4F7556}") = "Ossmmasoft.IoC", "Ossmmasoft.IoC\Ossmmasoft.IoC.csproj", "{B45524CF-9C3D-4228-94A0-EB0850C4A8D2}"
EndProject
Project("{2150E333-8FDC-42A3-9474-1A3956D46DE8}") = "Uis", "Uis", "{4AF1EA27-25BB-4830-A7A5-CF654E09F3C0}"
EndProject
Project("{9A19103F-16F7-4668-BE54-9A1E7A4F7556}") = "Ossmmasoft.Api", "Ossmmasoft.Api\Ossmmasoft.Api.csproj", "{7C5CFF69-FE88-4CAE-BF91-4BD6A136AAB5}"
EndProject
Project("{FAE04EC0-301F-11D3-BF4B-00C04F79EFBC}") = "Ossmmasoft.UI", "Ossmmasoft.UI\Ossmmasoft.UI.csproj", "{6B98AF3B-0A63-4592-887F-A1525256E0BA}"
EndProject
Global
	GlobalSection(SolutionConfigurationPlatforms) = preSolution
		Debug|Any CPU = Debug|Any CPU
		Release|Any CPU = Release|Any CPU
	EndGlobalSection
	GlobalSection(ProjectConfigurationPlatforms) = postSolution
		{01088C08-EF51-4DDC-B41C-475F3B3E750C}.Debug|Any CPU.ActiveCfg = Debug|Any CPU
		{01088C08-EF51-4DDC-B41C-475F3B3E750C}.Debug|Any CPU.Build.0 = Debug|Any CPU
		{01088C08-EF51-4DDC-B41C-475F3B3E750C}.Release|Any CPU.ActiveCfg = Release|Any CPU
		{01088C08-EF51-4DDC-B41C-475F3B3E750C}.Release|Any CPU.Build.0 = Release|Any CPU
		{E5A743B9-8E26-49AA-A917-048FF8F04CC2}.Debug|Any CPU.ActiveCfg = Debug|Any CPU
		{E5A743B9-8E26-49AA-A917-048FF8F04CC2}.Debug|Any CPU.Build.0 = Debug|Any CPU
		{E5A743B9-8E26-49AA-A917-048FF8F04CC2}.Release|Any CPU.ActiveCfg = Release|Any CPU
		{E5A743B9-8E26-49AA-A917-048FF8F04CC2}.Release|Any CPU.Build.0 = Release|Any CPU
		{C7A82EBD-35C6-43B1-B340-F2564115C03C}.Debug|Any CPU.ActiveCfg = Debug|Any CPU
		{C7A82EBD-35C6-43B1-B340-F2564115C03C}.Debug|Any CPU.Build.0 = Debug|Any CPU
		{C7A82EBD-35C6-43B1-B340-F2564115C03C}.Release|Any CPU.ActiveCfg = Release|Any CPU
		{C7A82EBD-35C6-43B1-B340-F2564115C03C}.Release|Any CPU.Build.0 = Release|Any CPU
		{62520FD7-3A52-4F81-9FD4-46EE2F59213F}.Debug|Any CPU.ActiveCfg = Debug|Any CPU
		{62520FD7-3A52-4F81-9FD4-46EE2F59213F}.Debug|Any CPU.Build.0 = Debug|Any CPU
		{62520FD7-3A52-4F81-9FD4-46EE2F59213F}.Release|Any CPU.ActiveCfg = Release|Any CPU
		{62520FD7-3A52-4F81-9FD4-46EE2F59213F}.Release|Any CPU.Build.0 = Release|Any CPU
		{59F6AD12-3F58-4B12-A2E2-18E4C4690BA1}.Debug|Any CPU.ActiveCfg = Debug|Any CPU
		{59F6AD12-3F58-4B12-A2E2-18E4C4690BA1}.Debug|Any CPU.Build.0 = Debug|Any CPU
		{59F6AD12-3F58-4B12-A2E2-18E4C4690BA1}.Release|Any CPU.ActiveCfg = Release|Any CPU
		{59F6AD12-3F58-4B12-A2E2-18E4C4690BA1}.Release|Any CPU.Build.0 = Release|Any CPU
		{B76FA2D1-7014-49D6-9652-7AC4190DA317}.Debug|Any CPU.ActiveCfg = Debug|Any CPU
		{B76FA2D1-7014-49D6-9652-7AC4190DA317}.Debug|Any CPU.Build.0 = Debug|Any CPU
		{B76FA2D1-7014-49D6-9652-7AC4190DA317}.Release|Any CPU.ActiveCfg = Release|Any CPU
		{B76FA2D1-7014-49D6-9652-7AC4190DA317}.Release|Any CPU.Build.0 = Release|Any CPU
		{777A7FD1-EB9E-4624-BB09-6083F6E1363A}.Debug|Any CPU.ActiveCfg = Debug|Any CPU
		{777A7FD1-EB9E-4624-BB09-6083F6E1363A}.Debug|Any CPU.Build.0 = Debug|Any CPU
		{777A7FD1-EB9E-4624-BB09-6083F6E1363A}.Release|Any CPU.ActiveCfg = Release|Any CPU
		{777A7FD1-EB9E-4624-BB09-6083F6E1363A}.Release|Any CPU.Build.0 = Release|Any CPU
		{B45524CF-9C3D-4228-94A0-EB0850C4A8D2}.Debug|Any CPU.ActiveCfg = Debug|Any CPU
		{B45524CF-9C3D-4228-94A0-EB0850C4A8D2}.Debug|Any CPU.Build.0 = Debug|Any CPU
		{B45524CF-9C3D-4228-94A0-EB0850C4A8D2}.Release|Any CPU.ActiveCfg = Release|Any CPU
		{B45524CF-9C3D-4228-94A0-EB0850C4A8D2}.Release|Any CPU.Build.0 = Release|Any CPU
		{7C5CFF69-FE88-4CAE-BF91-4BD6A136AAB5}.Debug|Any CPU.ActiveCfg = Debug|Any CPU
		{7C5CFF69-FE88-4CAE-BF91-4BD6A136AAB5}.Debug|Any CPU.Build.0 = Debug|Any CPU
		{7C5CFF69-FE88-4CAE-BF91-4BD6A136AAB5}.Release|Any CPU.ActiveCfg = Release|Any CPU
		{7C5CFF69-FE88-4CAE-BF91-4BD6A136AAB5}.Release|Any CPU.Build.0 = Release|Any CPU
		{6B98AF3B-0A63-4592-887F-A1525256E0BA}.Debug|Any CPU.ActiveCfg = Debug|Any CPU
		{6B98AF3B-0A63-4592-887F-A1525256E0BA}.Debug|Any CPU.Build.0 = Debug|Any CPU
		{6B98AF3B-0A63-4592-887F-A1525256E0BA}.Release|Any CPU.ActiveCfg = Release|Any CPU
		{6B98AF3B-0A63-4592-887F-A1525256E0BA}.Release|Any CPU.Build.0 = Release|Any CPU
	EndGlobalSection
	GlobalSection(SolutionProperties) = preSolution
		HideSolutionNode = FALSE
	EndGlobalSection
	GlobalSection(NestedProjects) = preSolution
		{01088C08-EF51-4DDC-B41C-475F3B3E750C} = {35EC4DED-4D85-482D-BE60-CB1F81BC81B4}
		{86AF76E8-F497-463C-9A99-E454B428E2FC} = {EB45B8BF-74BC-41EC-BA87-1F04B491D711}
		{E5A743B9-8E26-49AA-A917-048FF8F04CC2} = {86AF76E8-F497-463C-9A99-E454B428E2FC}
		{C7A82EBD-35C6-43B1-B340-F2564115C03C} = {A7D767AD-D837-4897-88F0-BC9ECE63F8A5}
		{62520FD7-3A52-4F81-9FD4-46EE2F59213F} = {A7D767AD-D837-4897-88F0-BC9ECE63F8A5}
		{59F6AD12-3F58-4B12-A2E2-18E4C4690BA1} = {A7D767AD-D837-4897-88F0-BC9ECE63F8A5}
		{206EA754-A48D-483E-993A-55DEDE86F896} = {EB45B8BF-74BC-41EC-BA87-1F04B491D711}
		{B76FA2D1-7014-49D6-9652-7AC4190DA317} = {206EA754-A48D-483E-993A-55DEDE86F896}
		{95EA10B4-641C-4072-AC5D-A8A3447707BB} = {EB45B8BF-74BC-41EC-BA87-1F04B491D711}
		{777A7FD1-EB9E-4624-BB09-6083F6E1363A} = {95EA10B4-641C-4072-AC5D-A8A3447707BB}
		{B45524CF-9C3D-4228-94A0-EB0850C4A8D2} = {86AF76E8-F497-463C-9A99-E454B428E2FC}
		{4AF1EA27-25BB-4830-A7A5-CF654E09F3C0} = {6E755C59-F90C-4764-9D31-DF5B1A6F6919}
		{7C5CFF69-FE88-4CAE-BF91-4BD6A136AAB5} = {4AF1EA27-25BB-4830-A7A5-CF654E09F3C0}
		{6B98AF3B-0A63-4592-887F-A1525256E0BA} = {4AF1EA27-25BB-4830-A7A5-CF654E09F3C0}
	EndGlobalSection
	GlobalSection(ExtensibilityGlobals) = postSolution
		SolutionGuid = {76D2B845-2881-4542-A7A2-AABBF35E82B6}
	EndGlobalSection
EndGlobal
